
Microsoft Visual Studio Solution File, Format Version 12.00
# Visual Studio Version 16
VisualStudioVersion = 16.0.28922.388
MinimumVisualStudioVersion = 10.0.40219.1
Project("{FAE04EC0-301F-11D3-BF4B-00C04F79EFBC}") = "SheilaWard_BugTracker", "SheilaWard_BugTracker\SheilaWard_BugTracker.csproj", "{DDD49228-089D-4028-8BDA-98E6CFFBB17A}"
EndProject
Global
	GlobalSection(SolutionConfigurationPlatforms) = preSolution
		Debug|Any CPU = Debug|Any CPU
		Release|Any CPU = Release|Any CPU
	EndGlobalSection
	GlobalSection(ProjectConfigurationPlatforms) = postSolution
		{DDD49228-089D-4028-8BDA-98E6CFFBB17A}.Debug|Any CPU.ActiveCfg = Debug|Any CPU
		{DDD49228-089D-4028-8BDA-98E6CFFBB17A}.Debug|Any CPU.Build.0 = Debug|Any CPU
		{DDD49228-089D-4028-8BDA-98E6CFFBB17A}.Release|Any CPU.ActiveCfg = Release|Any CPU
		{DDD49228-089D-4028-8BDA-98E6CFFBB17A}.Release|Any CPU.Build.0 = Release|Any CPU
	EndGlobalSection
	GlobalSection(SolutionProperties) = preSolution
		HideSolutionNode = FALSE
	EndGlobalSection
	GlobalSection(ExtensibilityGlobals) = postSolution
		SolutionGuid = {DD858966-B6B7-4536-94FB-D5E0C167BDFA}
	EndGlobalSection
EndGlobal
